[[package]]
name = "avr_assembler"
version = "0.1.0"
dependencies = [
 "derivative 1.0.2 (registry+https://github.com/rust-lang/crates.io-index)",
 "hashbrown 0.1.4 (registry+https://github.com/rust-lang/crates.io-index)",
]

[[package]]
name = "byteorder"
version = "1.2.7"
source = "registry+https://github.com/rust-lang/crates.io-index"

[[package]]
name = "derivative"
version = "1.0.2"
source = "registry+https://github.com/rust-lang/crates.io-index"
dependencies = [
 "proc-macro2 0.4.24 (registry+https://github.com/rust-lang/crates.io-index)",
 "quote 0.6.10 (registry+https://github.com/rust-lang/crates.io-index)",
 "syn 0.15.21 (registry+https://github.com/rust-lang/crates.io-index)",
]

[[package]]
name = "hashbrown"
version = "0.1.4"
source = "registry+https://github.com/rust-lang/crates.io-index"
dependencies = [
 "byteorder 1.2.7 (registry+https://github.com/rust-lang/crates.io-index)",
 "scopeguard 0.3.3 (registry+https://github.com/rust-lang/crates.io-index)",
]

[[package]]
name = "proc-macro2"
version = "0.4.24"
source = "registry+https://github.com/rust-lang/crates.io-index"
dependencies = [
 "unicode-xid 0.1.0 (registry+https://github.com/rust-lang/crates.io-index)",
]

[[package]]
name = "quote"
version = "0.6.10"
source = "registry+https://github.com/rust-lang/crates.io-index"
dependencies = [
 "proc-macro2 0.4.24 (registry+https://github.com/rust-lang/crates.io-index)",
]

[[package]]
name = "scopeguard"
version = "0.3.3"
source = "registry+https://github.com/rust-lang/crates.io-index"

[[package]]
name = "syn"
version = "0.15.21"
source = "registry+https://github.com/rust-lang/crates.io-index"
dependencies = [
 "proc-macro2 0.4.24 (registry+https://github.com/rust-lang/crates.io-index)",
 "quote 0.6.10 (registry+https://github.com/rust-lang/crates.io-index)",
 "unicode-xid 0.1.0 (registry+https://github.com/rust-lang/crates.io-index)",
]

[[package]]
name = "unicode-xid"
version = "0.1.0"
source = "registry+https://github.com/rust-lang/crates.io-index"

[metadata]
"checksum byteorder 1.2.7 (registry+https://github.com/rust-lang/crates.io-index)" = "94f88df23a25417badc922ab0f5716cc1330e87f71ddd9203b3a3ccd9cedf75d"
"checksum derivative 1.0.2 (registry+https://github.com/rust-lang/crates.io-index)" = "6073e9676dbebdddeabaeb63e3b7cefd23c86f5c41d381ee1237cc77b1079898"
"checksum hashbrown 0.1.4 (registry+https://github.com/rust-lang/crates.io-index)" = "6aedf060d0e2d1770598d500d5662dac8e48914f65a1a160557f52c08039e164"
"checksum proc-macro2 0.4.24 (registry+https://github.com/rust-lang/crates.io-index)" = "77619697826f31a02ae974457af0b29b723e5619e113e9397b8b82c6bd253f09"
"checksum quote 0.6.10 (registry+https://github.com/rust-lang/crates.io-index)" = "53fa22a1994bd0f9372d7a816207d8a2677ad0325b073f5c5332760f0fb62b5c"
"checksum scopeguard 0.3.3 (registry+https://github.com/rust-lang/crates.io-index)" = "94258f53601af11e6a49f722422f6e3425c52b06245a5cf9bc09908b174f5e27"
"checksum syn 0.15.21 (registry+https://github.com/rust-lang/crates.io-index)" = "816b7af21405b011a23554ea2dc3f6576dc86ca557047c34098c1d741f10f823"
"checksum unicode-xid 0.1.0 (registry+https://github.com/rust-lang/crates.io-index)" = "fc72304796d0818e357ead4e000d19c9c174ab23dc11093ac919054d20a6a7fc"
